
Microsoft Visual Studio Solution File, Format Version 12.00
# Visual Studio Version 17
VisualStudioVersion = 17.5.33516.290
MinimumVisualStudioVersion = 10.0.40219.1
Project("{FAE04EC0-301F-11D3-BF4B-00C04F79EFBC}") = "YoutubeAudioDownloader", "src\YoutubeAudioDownloader.csproj", "{90DB7636-22DA-4EEB-BA44-EE335CE7577A}"
EndProject
Global
	GlobalSection(SolutionConfigurationPlatforms) = preSolution
		Debug|Any CPU = Debug|Any CPU
		Release|Any CPU = Release|Any CPU
	EndGlobalSection
	GlobalSection(ProjectConfigurationPlatforms) = postSolution
		{90DB7636-22DA-4EEB-BA44-EE335CE7577A}.Debug|Any CPU.ActiveCfg = Debug|Any CPU
		{90DB7636-22DA-4EEB-BA44-EE335CE7577A}.Debug|Any CPU.Build.0 = Debug|Any CPU
		{90DB7636-22DA-4EEB-BA44-EE335CE7577A}.Release|Any CPU.ActiveCfg = Release|Any CPU
		{90DB7636-22DA-4EEB-BA44-EE335CE7577A}.Release|Any CPU.Build.0 = Release|Any CPU
	EndGlobalSection
	GlobalSection(SolutionProperties) = preSolution
		HideSolutionNode = FALSE
	EndGlobalSection
	GlobalSection(ExtensibilityGlobals) = postSolution
		SolutionGuid = {AA3FB62C-2816-4816-9A53-DB7B56AC53BE}
	EndGlobalSection
EndGlobal
